
Microsoft Visual Studio Solution File, Format Version 12.00
# Visual Studio Version 16
VisualStudioVersion = 16.0.31729.503
MinimumVisualStudioVersion = 10.0.40219.1
Project("{FAE04EC0-301F-11D3-BF4B-00C04F79EFBC}") = "Sistema_Compra-Venta", "Sistema_Compra-Venta\Sistema_Compra-Venta.csproj", "{280989FB-9A93-4463-9F63-71CA09FF96AB}"
EndProject
Global
	GlobalSection(SolutionConfigurationPlatforms) = preSolution
		Debug|Any CPU = Debug|Any CPU
		Release|Any CPU = Release|Any CPU
	EndGlobalSection
	GlobalSection(ProjectConfigurationPlatforms) = postSolution
		{280989FB-9A93-4463-9F63-71CA09FF96AB}.Debug|Any CPU.ActiveCfg = Debug|Any CPU
		{280989FB-9A93-4463-9F63-71CA09FF96AB}.Debug|Any CPU.Build.0 = Debug|Any CPU
		{280989FB-9A93-4463-9F63-71CA09FF96AB}.Release|Any CPU.ActiveCfg = Release|Any CPU
		{280989FB-9A93-4463-9F63-71CA09FF96AB}.Release|Any CPU.Build.0 = Release|Any CPU
	EndGlobalSection
	GlobalSection(SolutionProperties) = preSolution
		HideSolutionNode = FALSE
	EndGlobalSection
	GlobalSection(ExtensibilityGlobals) = postSolution
		SolutionGuid = {EE684F51-F404-4475-ACD9-02A3FBEE4781}
	EndGlobalSection
EndGlobal
